{
  "name": "chemquiz",
  "version": "1.0.0",
  "lockfileVersion": 3,
  "requires": true,
  "packages": {
    "": {
      "name": "chemquiz",
      "version": "1.0.0",
      "license": "ISC",
      "dependencies": {
        "@rdkit/rdkit": "^2023.9.2-1.0.0",
        "jsme-editor": "^2023.7.31"
      }
    },
    "node_modules/@rdkit/rdkit": {
      "version": "2023.9.2-1.0.0",
      "resolved": "https://registry.npmjs.org/@rdkit/rdkit/-/rdkit-2023.9.2-1.0.0.tgz",
      "integrity": "sha512-dHRex6db9J5NexCPUqV5cCJR28zduTUZv0vriBhl4sJMvmFT1jcViPWBoRUB4Tee0PPHRWUi2sqXtfj4vgbvhg=="
    },
    "node_modules/jsme-editor": {
      "version": "2023.7.31",
      "resolved": "https://registry.npmjs.org/jsme-editor/-/jsme-editor-2023.7.31.tgz",
      "integrity": "sha512-jgesrID+tAtPM50E/oXKhZ9HbrfuUFBZ3/O0nceL+9BtIIRlOAfUJlASfsD3b9uPKi+Ru1Abu9wPV81gudMq+Q=="
    }
  }
}
